
Microsoft Visual Studio Solution File, Format Version 12.00
# Visual Studio Version 17
VisualStudioVersion = 17.7.34031.279
MinimumVisualStudioVersion = 10.0.40219.1
Project("{FAE04EC0-301F-11D3-BF4B-00C04F79EFBC}") = "StartStopTriggerTrace", "StartStopTriggerTrace\StartStopTriggerTrace.csproj", "{8D9EC87A-27C0-4706-A10B-C9CC49727318}"
EndProject
Global
	GlobalSection(SolutionConfigurationPlatforms) = preSolution
		Debug|Any CPU = Debug|Any CPU
		Release|Any CPU = Release|Any CPU
	EndGlobalSection
	GlobalSection(ProjectConfigurationPlatforms) = postSolution
		{8D9EC87A-27C0-4706-A10B-C9CC49727318}.Debug|Any CPU.ActiveCfg = Debug|Any CPU
		{8D9EC87A-27C0-4706-A10B-C9CC49727318}.Debug|Any CPU.Build.0 = Debug|Any CPU
		{8D9EC87A-27C0-4706-A10B-C9CC49727318}.Release|Any CPU.ActiveCfg = Release|Any CPU
		{8D9EC87A-27C0-4706-A10B-C9CC49727318}.Release|Any CPU.Build.0 = Release|Any CPU
	EndGlobalSection
	GlobalSection(SolutionProperties) = preSolution
		HideSolutionNode = FALSE
	EndGlobalSection
	GlobalSection(ExtensibilityGlobals) = postSolution
		SolutionGuid = {ED1474DF-B20E-4E7F-B56D-1F10692FDE34}
	EndGlobalSection
EndGlobal
